
Microsoft Visual Studio Solution File, Format Version 12.00
# Visual Studio 15
VisualStudioVersion = 15.0.27130.2027
MinimumVisualStudioVersion = 10.0.40219.1
Project("{F184B08F-C81C-45F6-A57F-5ABD9991F28F}") = "Tagestab", "Tagestab\Tagestab.vbproj", "{6F3C7D6D-D160-4AA1-9E8B-D5F9A88EEFCB}"
EndProject
Global
	GlobalSection(SolutionConfigurationPlatforms) = preSolution
		CD_ROM|Any CPU = CD_ROM|Any CPU
		Debug|Any CPU = Debug|Any CPU
		DVD-5|Any CPU = DVD-5|Any CPU
		Release|Any CPU = Release|Any CPU
		SingleImage|Any CPU = SingleImage|Any CPU
	EndGlobalSection
	GlobalSection(ProjectConfigurationPlatforms) = postSolution
		{6F3C7D6D-D160-4AA1-9E8B-D5F9A88EEFCB}.CD_ROM|Any CPU.ActiveCfg = Release|Any CPU
		{6F3C7D6D-D160-4AA1-9E8B-D5F9A88EEFCB}.CD_ROM|Any CPU.Build.0 = Release|Any CPU
		{6F3C7D6D-D160-4AA1-9E8B-D5F9A88EEFCB}.Debug|Any CPU.ActiveCfg = Debug|Any CPU
		{6F3C7D6D-D160-4AA1-9E8B-D5F9A88EEFCB}.Debug|Any CPU.Build.0 = Debug|Any CPU
		{6F3C7D6D-D160-4AA1-9E8B-D5F9A88EEFCB}.DVD-5|Any CPU.ActiveCfg = Debug|Any CPU
		{6F3C7D6D-D160-4AA1-9E8B-D5F9A88EEFCB}.DVD-5|Any CPU.Build.0 = Debug|Any CPU
		{6F3C7D6D-D160-4AA1-9E8B-D5F9A88EEFCB}.Release|Any CPU.ActiveCfg = Release|Any CPU
		{6F3C7D6D-D160-4AA1-9E8B-D5F9A88EEFCB}.Release|Any CPU.Build.0 = Release|Any CPU
		{6F3C7D6D-D160-4AA1-9E8B-D5F9A88EEFCB}.SingleImage|Any CPU.ActiveCfg = Release|Any CPU
		{6F3C7D6D-D160-4AA1-9E8B-D5F9A88EEFCB}.SingleImage|Any CPU.Build.0 = Release|Any CPU
	EndGlobalSection
	GlobalSection(SolutionProperties) = preSolution
		HideSolutionNode = FALSE
	EndGlobalSection
	GlobalSection(ExtensibilityGlobals) = postSolution
		SolutionGuid = {F9852922-5E05-4831-96CD-386C35FBB3A0}
	EndGlobalSection
EndGlobal
